# This file was autogenerated by Stack.
# You should not edit this file by hand.
# For more information, please see the documentation at:
#   https://docs.haskellstack.org/en/stable/lock_files

packages:
- completed:
    hackage: Euterpea-2.0.6@sha256:3959e6ebb30de9a55f3c7ff5859c3e315f5ae85794c858d10e310bb1390a39fb,2676
    pantry-tree:
      size: 4152
      sha256: fb2d9799d3b13dd05ae441f323b4d5670800c6ebd9b4498bbb3043b28b46747f
  original:
    hackage: Euterpea-2.0.6
- completed:
    hackage: PortMidi-0.1.6.1@sha256:27c6d3abd251c6bd75016fe782a74bc41e49ec7cd03288cfac4b8fa17dc307e6,2258
    pantry-tree:
      size: 1817
      sha256: a412c2550ac470d6466f557ae2024db07d475bfafb9fe0061c7fd1c1e689d177
  original:
    hackage: PortMidi-0.1.6.1
- completed:
    hackage: arrows-0.4.4.2@sha256:a260222b766da922657e302aa7c0409451913e1e503798a47a213a61ba382460,1235
    pantry-tree:
      size: 1035
      sha256: 153eac3a26d5922d3be968368125e5a31cc4347049732ef3a75920c4b9fda417
  original:
    hackage: arrows-0.4.4.2
- completed:
    hackage: Stream-0.4.7.2@sha256:ed78165aa34c4e23dc53c9072f8715d414a585037f2145ea0eb2b38300354c53,1009
    pantry-tree:
      size: 207
      sha256: 009fe33c4779bd1705a26f9b036f0996e9fc85df06418aec3dda967554e6ef83
  original:
    hackage: Stream-0.4.7.2
- completed:
    hackage: lazysmallcheck-0.6@sha256:dac7a1e4877681f1260309e863e896674dd6efc1159897b7945893e693f2a6bc,1696
    pantry-tree:
      size: 2008
      sha256: aea6b83dd91703fd130d98ecfed88b8f16841b22990c837c8fde89f9f6cca809
  original:
    hackage: lazysmallcheck-0.6
- completed:
    hackage: Frames-0.6.1@sha256:9d628962ed6d1e835ab2b4d309d7909dc477acf6fa270879b6085621546dccaa,8595
    pantry-tree:
      size: 3834
      sha256: 67882fddb19d599cadbdd30c558dcefa19d5e697b1dfc786b293d01df20c296c
  original:
    hackage: Frames-0.6.1
- completed:
    hackage: discrimination-0.3@sha256:6f88488e62fd4aca71497a4909371476eb18720b3c113869e769a65d1bdb69dc,2525
    pantry-tree:
      size: 969
      sha256: 1699bf5b1f5b4fdc4700069b22da80fa2cf211cdc16762fe170c2cfe098e019d
  original:
    hackage: discrimination-0.3
- completed:
    subdir: chart
    cabal-file:
      size: 2855
      sha256: fbb7461f1d2ac830cfdff057bead605671b5cf72ef691139622697036dc24b0f
    name: Chart
    version: '1.9'
    git: git@github.com:timbod7/haskell-chart.git
    pantry-tree:
      size: 3031
      sha256: 09e059f5d8e616486fa671327e4cedde34bc8f776433ecc8085791ff1708536a
    commit: 23e9739b80ecbb6fe70c4a7989714414f9f915c7
  original:
    subdir: chart
    git: git@github.com:timbod7/haskell-chart.git
    commit: 23e9739b80ecbb6fe70c4a7989714414f9f915c7
- completed:
    subdir: chart-cairo
    cabal-file:
      size: 877
      sha256: e20d124c44286b67beab1bdaf44685c80e2c9e0b687319ec205eeac85dcc85d4
    name: Chart-cairo
    version: '1.9'
    git: git@github.com:timbod7/haskell-chart.git
    pantry-tree:
      size: 238
      sha256: 2cec1b797cc57114ef2476836dc7c5810588a963ca54cba6c519878e32051c3b
    commit: 23e9739b80ecbb6fe70c4a7989714414f9f915c7
  original:
    subdir: chart-cairo
    git: git@github.com:timbod7/haskell-chart.git
    commit: 23e9739b80ecbb6fe70c4a7989714414f9f915c7
- completed:
    hackage: cairo-0.13.6.0@sha256:a9122d48957a2dbb5a177e5068b850efa1e99bb22c68eb2571165c3c945a8dd6,4187
    pantry-tree:
      size: 2830
      sha256: 180df55408086398e9901a6bcb2720da6fcecac5f57abcdb4df1251a686f1bb7
  original:
    hackage: cairo-0.13.6.0
- completed:
    hackage: gtk2hs-buildtools-0.13.5.0@sha256:a765766c4208a3e4def319ebf280fbb9e7d0a3f28d15922db36970404fb1daee,5238
    pantry-tree:
      size: 3588
      sha256: bcc65d134ad8b4ceb31166eb5d6082575284fe069f28a1dfae43ee968f55461d
  original:
    hackage: gtk2hs-buildtools-0.13.5.0
- completed:
    subdir: .
    cabal-file:
      size: 6583
      sha256: 54fb7c15a2f6a916514203b236869c1592f337429cb8f24c8d24eb4f5aa996e2
    name: ihaskell
    version: 0.9.1.0
    git: git@github.com:gibiansky/IHaskell.git
    pantry-tree:
      size: 18019
      sha256: a79ae097a69522d2bbd94178afd7fc80e703f9ae1aa0211ac6ab527789033f75
    commit: 5086d0821e1677077d0ebbcaa5c044fa819b40a5
  original:
    subdir: .
    git: git@github.com:gibiansky/IHaskell.git
    commit: 5086d0821e1677077d0ebbcaa5c044fa819b40a5
- completed:
    subdir: ipython-kernel
    cabal-file:
      size: 2802
      sha256: 47de9a6de7a8c3f139176ae1ef48a1acd851164d9fa9f8212b31335bace62ad5
    name: ipython-kernel
    version: 0.10.0.0
    git: git@github.com:gibiansky/IHaskell.git
    pantry-tree:
      size: 792
      sha256: 14068c455981534738eaffad5d9f06ff7d6a8626eab5e7357d4a7e53490e6211
    commit: 5086d0821e1677077d0ebbcaa5c044fa819b40a5
  original:
    subdir: ipython-kernel
    git: git@github.com:gibiansky/IHaskell.git
    commit: 5086d0821e1677077d0ebbcaa5c044fa819b40a5
- completed:
    subdir: ihaskell-display/ihaskell-charts
    cabal-file:
      size: 2068
      sha256: ab6632e6b8ee0dbe99e14f90b0021d1d7aa257e7a906cda15df67079dafbaf95
    name: ihaskell-charts
    version: 0.3.0.1
    git: git@github.com:gibiansky/IHaskell.git
    pantry-tree:
      size: 327
      sha256: c46df4d5614a8d88d23a8297cdeef360b32fc7a2063a365727c7d37f17f69a88
    commit: 5086d0821e1677077d0ebbcaa5c044fa819b40a5
  original:
    subdir: ihaskell-display/ihaskell-charts
    git: git@github.com:gibiansky/IHaskell.git
    commit: 5086d0821e1677077d0ebbcaa5c044fa819b40a5
- completed:
    hackage: ghc-parser-0.2.0.2@sha256:c50c597520d402cde78a43363571e6c98da26a71ce186862eb4a73583f7447dc,1842
    pantry-tree:
      size: 942
      sha256: 4869e6aaa5735efd705d0ae3ce16c1fd151c1466850e972970b45c0a3bb786ae
  original:
    hackage: ghc-parser-0.2.0.2
snapshots:
- completed:
    size: 495200
    url: https://raw.githubusercontent.com/commercialhaskell/stackage-snapshots/master/lts/13/6.yaml
    sha256: 3baf62db5746f24561641bc15aadddbf5c973a5a1d587beb9eb9ddb4cf5628eb
  original: lts-13.6
